
Microsoft Visual Studio Solution File, Format Version 12.00
# Visual Studio Version 17
VisualStudioVersion = 17.4.33403.182
MinimumVisualStudioVersion = 10.0.40219.1
Project("{FAE04EC0-301F-11D3-BF4B-00C04F79EFBC}") = "API", "API.csproj", "{924F9566-1880-4BD3-985B-10D7457E4B97}"
EndProject
Global
	GlobalSection(SolutionConfigurationPlatforms) = preSolution
		Debug|Any CPU = Debug|Any CPU
		Release|Any CPU = Release|Any CPU
	EndGlobalSection
	GlobalSection(ProjectConfigurationPlatforms) = postSolution
		{924F9566-1880-4BD3-985B-10D7457E4B97}.Debug|Any CPU.ActiveCfg = Debug|Any CPU
		{924F9566-1880-4BD3-985B-10D7457E4B97}.Debug|Any CPU.Build.0 = Debug|Any CPU
		{924F9566-1880-4BD3-985B-10D7457E4B97}.Release|Any CPU.ActiveCfg = Release|Any CPU
		{924F9566-1880-4BD3-985B-10D7457E4B97}.Release|Any CPU.Build.0 = Release|Any CPU
	EndGlobalSection
	GlobalSection(SolutionProperties) = preSolution
		HideSolutionNode = FALSE
	EndGlobalSection
	GlobalSection(ExtensibilityGlobals) = postSolution
		SolutionGuid = {F7F573FD-775F-4995-94CF-539FA5E87541}
	EndGlobalSection
EndGlobal
